
Microsoft Visual Studio Solution File, Format Version 12.00
# Visual Studio Version 17
VisualStudioVersion = 17.7.34202.233
MinimumVisualStudioVersion = 10.0.40219.1
Project("{9A19103F-16F7-4668-BE54-9A1E7A4F7556}") = "Lab01", "Lab01\Lab01.csproj", "{3318B8E2-8175-418F-A7CA-7EA3FE07B46A}"
EndProject
Project("{9A19103F-16F7-4668-BE54-9A1E7A4F7556}") = "Lab02", "Lab02\Lab02.csproj", "{C2D5701E-7643-471B-92D0-AA2EAC8D0B00}"
EndProject
Global
	GlobalSection(SolutionConfigurationPlatforms) = preSolution
		Debug|Any CPU = Debug|Any CPU
		Release|Any CPU = Release|Any CPU
	EndGlobalSection
	GlobalSection(ProjectConfigurationPlatforms) = postSolution
		{3318B8E2-8175-418F-A7CA-7EA3FE07B46A}.Debug|Any CPU.ActiveCfg = Debug|Any CPU
		{3318B8E2-8175-418F-A7CA-7EA3FE07B46A}.Debug|Any CPU.Build.0 = Debug|Any CPU
		{3318B8E2-8175-418F-A7CA-7EA3FE07B46A}.Release|Any CPU.ActiveCfg = Release|Any CPU
		{3318B8E2-8175-418F-A7CA-7EA3FE07B46A}.Release|Any CPU.Build.0 = Release|Any CPU
		{C2D5701E-7643-471B-92D0-AA2EAC8D0B00}.Debug|Any CPU.ActiveCfg = Debug|Any CPU
		{C2D5701E-7643-471B-92D0-AA2EAC8D0B00}.Debug|Any CPU.Build.0 = Debug|Any CPU
		{C2D5701E-7643-471B-92D0-AA2EAC8D0B00}.Release|Any CPU.ActiveCfg = Release|Any CPU
		{C2D5701E-7643-471B-92D0-AA2EAC8D0B00}.Release|Any CPU.Build.0 = Release|Any CPU
	EndGlobalSection
	GlobalSection(SolutionProperties) = preSolution
		HideSolutionNode = FALSE
	EndGlobalSection
	GlobalSection(ExtensibilityGlobals) = postSolution
		SolutionGuid = {4562A190-9D35-4F42-AD5E-381B058877C3}
	EndGlobalSection
EndGlobal
